
Microsoft Visual Studio Solution File, Format Version 12.00
# Visual Studio Version 17
VisualStudioVersion = 17.5.33502.453
MinimumVisualStudioVersion = 10.0.40219.1
Project("{8BC9CEB8-8B4A-11D0-8D11-00A0C91BC942}") = "struct_031", "struct_031.vcxproj", "{09320A1E-EDFC-4D7C-B1E7-23F52EFE852B}"
EndProject
Project("{8BC9CEB8-8B4A-11D0-8D11-00A0C91BC942}") = "struct2_031", "..\struct2_031\struct2_031.vcxproj", "{091C12B3-E7A9-4C02-B868-DEB43CECEA23}"
EndProject
Project("{8BC9CEB8-8B4A-11D0-8D11-00A0C91BC942}") = "struct3_031", "..\struct3_031\struct3_031.vcxproj", "{957D8695-8BAD-43FC-9EF9-B76FB80144B2}"
EndProject
Global
	GlobalSection(SolutionConfigurationPlatforms) = preSolution
		Debug|x64 = Debug|x64
		Debug|x86 = Debug|x86
		Release|x64 = Release|x64
		Release|x86 = Release|x86
	EndGlobalSection
	GlobalSection(ProjectConfigurationPlatforms) = postSolution
		{09320A1E-EDFC-4D7C-B1E7-23F52EFE852B}.Debug|x64.ActiveCfg = Debug|x64
		{09320A1E-EDFC-4D7C-B1E7-23F52EFE852B}.Debug|x64.Build.0 = Debug|x64
		{09320A1E-EDFC-4D7C-B1E7-23F52EFE852B}.Debug|x86.ActiveCfg = Debug|Win32
		{09320A1E-EDFC-4D7C-B1E7-23F52EFE852B}.Debug|x86.Build.0 = Debug|Win32
		{09320A1E-EDFC-4D7C-B1E7-23F52EFE852B}.Release|x64.ActiveCfg = Release|x64
		{09320A1E-EDFC-4D7C-B1E7-23F52EFE852B}.Release|x64.Build.0 = Release|x64
		{09320A1E-EDFC-4D7C-B1E7-23F52EFE852B}.Release|x86.ActiveCfg = Release|Win32
		{09320A1E-EDFC-4D7C-B1E7-23F52EFE852B}.Release|x86.Build.0 = Release|Win32
		{091C12B3-E7A9-4C02-B868-DEB43CECEA23}.Debug|x64.ActiveCfg = Debug|x64
		{091C12B3-E7A9-4C02-B868-DEB43CECEA23}.Debug|x64.Build.0 = Debug|x64
		{091C12B3-E7A9-4C02-B868-DEB43CECEA23}.Debug|x86.ActiveCfg = Debug|Win32
		{091C12B3-E7A9-4C02-B868-DEB43CECEA23}.Debug|x86.Build.0 = Debug|Win32
		{091C12B3-E7A9-4C02-B868-DEB43CECEA23}.Release|x64.ActiveCfg = Release|x64
		{091C12B3-E7A9-4C02-B868-DEB43CECEA23}.Release|x64.Build.0 = Release|x64
		{091C12B3-E7A9-4C02-B868-DEB43CECEA23}.Release|x86.ActiveCfg = Release|Win32
		{091C12B3-E7A9-4C02-B868-DEB43CECEA23}.Release|x86.Build.0 = Release|Win32
		{957D8695-8BAD-43FC-9EF9-B76FB80144B2}.Debug|x64.ActiveCfg = Debug|x64
		{957D8695-8BAD-43FC-9EF9-B76FB80144B2}.Debug|x64.Build.0 = Debug|x64
		{957D8695-8BAD-43FC-9EF9-B76FB80144B2}.Debug|x86.ActiveCfg = Debug|Win32
		{957D8695-8BAD-43FC-9EF9-B76FB80144B2}.Debug|x86.Build.0 = Debug|Win32
		{957D8695-8BAD-43FC-9EF9-B76FB80144B2}.Release|x64.ActiveCfg = Release|x64
		{957D8695-8BAD-43FC-9EF9-B76FB80144B2}.Release|x64.Build.0 = Release|x64
		{957D8695-8BAD-43FC-9EF9-B76FB80144B2}.Release|x86.ActiveCfg = Release|Win32
		{957D8695-8BAD-43FC-9EF9-B76FB80144B2}.Release|x86.Build.0 = Release|Win32
	EndGlobalSection
	GlobalSection(SolutionProperties) = preSolution
		HideSolutionNode = FALSE
	EndGlobalSection
	GlobalSection(ExtensibilityGlobals) = postSolution
		SolutionGuid = {E8740A54-270B-4EB3-93E6-0C334ECA37F0}
	EndGlobalSection
EndGlobal
